{
  "name": "wasm_build",
  "version": "3.0.8159",
  "lockfileVersion": 3,
  "requires": true,
  "packages": {
    "": {
      "name": "wasm_build",
      "version": "3.0.8159",
      "license": "GPL-3.0-or-later",
      "dependencies": {
        "base32768": "^3.0.8159"
      }
    },
    "node_modules/base32768": {
      "version": "3.0.8159",
      "resolved": "https://registry.npmjs.org/base32768/-/base32768-3.0.1.tgz",
      "integrity": "sha256:db173fffa2fbcd3a4ae69046c05a48d971a53cc5cf335b66da1e3adeedbdcddb/6sii1Vced+f+4uAqOeRz/PshjNdPwSD+ntnHOg/YgDbLSZetp94d/XxGdpfbXDKv8BVQ=="
    }
  }
}
